// !$*UTF8*$!
{
	archiveVersion = 1;
	classes = {
	};
	objectVersion = 46;
	objects = {

/* Begin PBXBuildFile section */
		3A0C1B321AE199F100D718CE /* AppDelegate.swift in Sources */ = {isa = PBXBuildFile; fileRef = 3A0C1B311AE199F100D718CE /* AppDelegate.swift */; };
		3A0C1B381AE199F100D718CE /* GameViewController.swift in Sources */ = {isa = PBXBuildFile; fileRef = 3A0C1B371AE199F100D718CE /* GameViewController.swift */; };
		3A0C1B3B1AE199F100D718CE /* Main.storyboard in Resources */ = {isa = PBXBuildFile; fileRef = 3A0C1B391AE199F100D718CE /* Main.storyboard */; };
		3A0C1B3D1AE199F100D718CE /* Images.xcassets in Resources */ = {isa = PBXBuildFile; fileRef = 3A0C1B3C1AE199F100D718CE /* Images.xcassets */; };
		3A0C1B4C1AE199F100D718CE /* AdrianRubioTests.swift in Sources */ = {isa = PBXBuildFile; fileRef = 3A0C1B4B1AE199F100D718CE /* AdrianRubioTests.swift */; };
		3A35CD3C1AED9F780091F003 /* story_beca.plist in Resources */ = {isa = PBXBuildFile; fileRef = 3A35CD3A1AED9F780091F003 /* story_beca.plist */; };
		3A35CD3D1AED9F780091F003 /* story_ment.plist in Resources */ = {isa = PBXBuildFile; fileRef = 3A35CD3B1AED9F780091F003 /* story_ment.plist */; };
		3A35CD3F1AEDA3FF0091F003 /* story_likes.plist in Resources */ = {isa = PBXBuildFile; fileRef = 3A35CD3E1AEDA3FF0091F003 /* story_likes.plist */; };
		3A35CD411AEDA6DB0091F003 /* story_buluk.plist in Resources */ = {isa = PBXBuildFile; fileRef = 3A35CD401AEDA6DB0091F003 /* story_buluk.plist */; };
		3A35CD431AEDA9FE0091F003 /* story_end.plist in Resources */ = {isa = PBXBuildFile; fileRef = 3A35CD421AEDA9FE0091F003 /* story_end.plist */; };
		3A476E631AE8A4510036B5CE /* PageView.swift in Sources */ = {isa = PBXBuildFile; fileRef = 3A476E621AE8A4510036B5CE /* PageView.swift */; };
		3A476E671AE8C0B40036B5CE /* FiraSans.otf in Resources */ = {isa = PBXBuildFile; fileRef = 3A476E661AE8C0B40036B5CE /* FiraSans.otf */; };
		3A4D524D1AE6975000395D77 /* ARInflatingNode.swift in Sources */ = {isa = PBXBuildFile; fileRef = 3A4D524C1AE6975000395D77 /* ARInflatingNode.swift */; };
		3A4D52511AE69E2400395D77 /* InflatingGame.swift in Sources */ = {isa = PBXBuildFile; fileRef = 3A4D52501AE69E2400395D77 /* InflatingGame.swift */; };
		3A9675E31AE9E26B0093533A /* story_serpens.plist in Resources */ = {isa = PBXBuildFile; fileRef = 3A9675E21AE9E26B0093533A /* story_serpens.plist */; };
		3AA5EE501AE9395C00DFFF8E /* CatchingGame.swift in Sources */ = {isa = PBXBuildFile; fileRef = 3AA5EE4F1AE9395C00DFFF8E /* CatchingGame.swift */; };
		3AA5EE521AE93A1300DFFF8E /* ARCatchingNode.swift in Sources */ = {isa = PBXBuildFile; fileRef = 3AA5EE511AE93A1300DFFF8E /* ARCatchingNode.swift */; };
		3AA5EE5A1AE94A0500DFFF8E /* CustomSegue.swift in Sources */ = {isa = PBXBuildFile; fileRef = 3AA5EE591AE94A0500DFFF8E /* CustomSegue.swift */; };
		3AA5EE5C1AE94AB700DFFF8E /* NavigationController.swift in Sources */ = {isa = PBXBuildFile; fileRef = 3AA5EE5B1AE94AB700DFFF8E /* NavigationController.swift */; };
		3ACB00531AEA12F000F2429B /* LaunchScreen.xib in Resources */ = {isa = PBXBuildFile; fileRef = 3A0C1B3E1AE199F100D718CE /* LaunchScreen.xib */; };
		3ACB00551AEA980900F2429B /* RepeatingGame.swift in Sources */ = {isa = PBXBuildFile; fileRef = 3ACB00541AEA980900F2429B /* RepeatingGame.swift */; };
		3ACB005B1AEAA31300F2429B /* ARRepeatingNode.swift in Sources */ = {isa = PBXBuildFile; fileRef = 3ACB005A1AEAA31300F2429B /* ARRepeatingNode.swift */; };
		3ACB005D1AEAD65D00F2429B /* MatchingGame.swift in Sources */ = {isa = PBXBuildFile; fileRef = 3ACB005C1AEAD65D00F2429B /* MatchingGame.swift */; };
		3ACB005F1AEAD71E00F2429B /* ARMatchingNode.swift in Sources */ = {isa = PBXBuildFile; fileRef = 3ACB005E1AEAD71E00F2429B /* ARMatchingNode.swift */; };
		3ACB00611AEC3EE100F2429B /* ClearingGame.swift in Sources */ = {isa = PBXBuildFile; fileRef = 3ACB00601AEC3EE100F2429B /* ClearingGame.swift */; };
		3ACB00631AEC420000F2429B /* ARClearingNode.swift in Sources */ = {isa = PBXBuildFile; fileRef = 3ACB00621AEC420000F2429B /* ARClearingNode.swift */; };
		3ACB00651AEC6B2000F2429B /* PairingGame.swift in Sources */ = {isa = PBXBuildFile; fileRef = 3ACB00641AEC6B2000F2429B /* PairingGame.swift */; };
		3ACB00671AEC7B0700F2429B /* ARPairingNode.swift in Sources */ = {isa = PBXBuildFile; fileRef = 3ACB00661AEC7B0700F2429B /* ARPairingNode.swift */; };
		3AE294421AE31B790075FCB8 /* ARNode.swift in Sources */ = {isa = PBXBuildFile; fileRef = 3AE294411AE31B790075FCB8 /* ARNode.swift */; };
		3AE294471AE4300F0075FCB8 /* PolygonBackground.swift in Sources */ = {isa = PBXBuildFile; fileRef = 3AE294461AE4300F0075FCB8 /* PolygonBackground.swift */; };
		3AF031441AE847D400970BF0 /* Perfograma.otf in Resources */ = {isa = PBXBuildFile; fileRef = 3AF031431AE847D400970BF0 /* Perfograma.otf */; };
		3AF031461AE84F3900970BF0 /* MixingGame.swift in Sources */ = {isa = PBXBuildFile; fileRef = 3AF031451AE84F3900970BF0 /* MixingGame.swift */; };
		3AF031481AE8775800970BF0 /* ARMixingNode.swift in Sources */ = {isa = PBXBuildFile; fileRef = 3AF031471AE8775800970BF0 /* ARMixingNode.swift */; };
		3AF0314B1AE878CA00970BF0 /* StoryViewController.swift in Sources */ = {isa = PBXBuildFile; fileRef = 3AF0314A1AE878CA00970BF0 /* StoryViewController.swift */; };
		3AF0314E1AE8858400970BF0 /* story_alit.plist in Resources */ = {isa = PBXBuildFile; fileRef = 3AF0314D1AE8858400970BF0 /* story_alit.plist */; };
/* End PBXBuildFile section */

/* Begin PBXContainerItemProxy section */
		3A0C1B461AE199F100D718CE /* PBXContainerItemProxy */ = {
			isa = PBXContainerItemProxy;
			containerPortal = 3A0C1B241AE199F100D718CE /* Project object */;
			proxyType = 1;
			remoteGlobalIDString = 3A0C1B2B1AE199F100D718CE;
			remoteInfo = AdrianRubio;
		};
/* End PBXContainerItemProxy section */

/* Begin PBXFileReference section */
		3A0C1B2C1AE199F100D718CE /* AdrianRubio.app */ = {isa = PBXFileReference; explicitFileType = wrapper.application; includeInIndex = 0; path = AdrianRubio.app; sourceTree = BUILT_PRODUCTS_DIR; };
		3A0C1B301AE199F100D718CE /* Info.plist */ = {isa = PBXFileReference; lastKnownFileType = text.plist.xml; path = Info.plist; sourceTree = "<group>"; };
		3A0C1B311AE199F100D718CE /* AppDelegate.swift */ = {isa = PBXFileReference; lastKnownFileType = sourcecode.swift; path = AppDelegate.swift; sourceTree = "<group>"; };
		3A0C1B371AE199F100D718CE /* GameViewController.swift */ = {isa = PBXFileReference; lastKnownFileType = sourcecode.swift; path = GameViewController.swift; sourceTree = "<group>"; };
		3A0C1B3A1AE199F100D718CE /* Base */ = {isa = PBXFileReference; lastKnownFileType = file.storyboard; name = Base; path = Base.lproj/Main.storyboard; sourceTree = "<group>"; };
		3A0C1B3C1AE199F100D718CE /* Images.xcassets */ = {isa = PBXFileReference; lastKnownFileType = folder.assetcatalog; path = Images.xcassets; sourceTree = "<group>"; };
		3A0C1B3F1AE199F100D718CE /* Base */ = {isa = PBXFileReference; lastKnownFileType = file.xib; name = Base; path = Base.lproj/LaunchScreen.xib; sourceTree = "<group>"; };
		3A0C1B451AE199F100D718CE /* AdrianRubioTests.xctest */ = {isa = PBXFileReference; explicitFileType = wrapper.cfbundle; includeInIndex = 0; path = AdrianRubioTests.xctest; sourceTree = BUILT_PRODUCTS_DIR; };
		3A0C1B4A1AE199F100D718CE /* Info.plist */ = {isa = PBXFileReference; lastKnownFileType = text.plist.xml; path = Info.plist; sourceTree = "<group>"; };
		3A0C1B4B1AE199F100D718CE /* AdrianRubioTests.swift */ = {isa = PBXFileReference; lastKnownFileType = sourcecode.swift; path = AdrianRubioTests.swift; sourceTree = "<group>"; };
		3A35CD3A1AED9F780091F003 /* story_beca.plist */ = {isa = PBXFileReference; fileEncoding = 4; lastKnownFileType = text.plist.xml; path = story_beca.plist; sourceTree = "<group>"; };
		3A35CD3B1AED9F780091F003 /* story_ment.plist */ = {isa = PBXFileReference; fileEncoding = 4; lastKnownFileType = text.plist.xml; path = story_ment.plist; sourceTree = "<group>"; };
		3A35CD3E1AEDA3FF0091F003 /* story_likes.plist */ = {isa = PBXFileReference; fileEncoding = 4; lastKnownFileType = text.plist.xml; path = story_likes.plist; sourceTree = "<group>"; };
		3A35CD401AEDA6DB0091F003 /* story_buluk.plist */ = {isa = PBXFileReference; fileEncoding = 4; lastKnownFileType = text.plist.xml; path = story_buluk.plist; sourceTree = "<group>"; };
		3A35CD421AEDA9FE0091F003 /* story_end.plist */ = {isa = PBXFileReference; fileEncoding = 4; lastKnownFileType = text.plist.xml; path = story_end.plist; sourceTree = "<group>"; };
		3A476E621AE8A4510036B5CE /* PageView.swift */ = {isa = PBXFileReference; fileEncoding = 4; lastKnownFileType = sourcecode.swift; path = PageView.swift; sourceTree = "<group>"; };
		3A476E661AE8C0B40036B5CE /* FiraSans.otf */ = {isa = PBXFileReference; lastKnownFileType = file; path = FiraSans.otf; sourceTree = "<group>"; };
		3A4D524C1AE6975000395D77 /* ARInflatingNode.swift */ = {isa = PBXFileReference; fileEncoding = 4; lastKnownFileType = sourcecode.swift; path = ARInflatingNode.swift; sourceTree = "<group>"; };
		3A4D52501AE69E2400395D77 /* InflatingGame.swift */ = {isa = PBXFileReference; fileEncoding = 4; lastKnownFileType = sourcecode.swift; path = InflatingGame.swift; sourceTree = "<group>"; };
		3A9675E21AE9E26B0093533A /* story_serpens.plist */ = {isa = PBXFileReference; fileEncoding = 4; lastKnownFileType = text.plist.xml; path = story_serpens.plist; sourceTree = "<group>"; };
		3AA5EE4F1AE9395C00DFFF8E /* CatchingGame.swift */ = {isa = PBXFileReference; fileEncoding = 4; lastKnownFileType = sourcecode.swift; path = CatchingGame.swift; sourceTree = "<group>"; };
		3AA5EE511AE93A1300DFFF8E /* ARCatchingNode.swift */ = {isa = PBXFileReference; fileEncoding = 4; lastKnownFileType = sourcecode.swift; path = ARCatchingNode.swift; sourceTree = "<group>"; };
		3AA5EE591AE94A0500DFFF8E /* CustomSegue.swift */ = {isa = PBXFileReference; fileEncoding = 4; lastKnownFileType = sourcecode.swift; path = CustomSegue.swift; sourceTree = "<group>"; };
		3AA5EE5B1AE94AB700DFFF8E /* NavigationController.swift */ = {isa = PBXFileReference; fileEncoding = 4; lastKnownFileType = sourcecode.swift; path = NavigationController.swift; sourceTree = "<group>"; };
		3ACB00541AEA980900F2429B /* RepeatingGame.swift */ = {isa = PBXFileReference; fileEncoding = 4; lastKnownFileType = sourcecode.swift; path = RepeatingGame.swift; sourceTree = "<group>"; };
		3ACB005A1AEAA31300F2429B /* ARRepeatingNode.swift */ = {isa = PBXFileReference; fileEncoding = 4; lastKnownFileType = sourcecode.swift; path = ARRepeatingNode.swift; sourceTree = "<group>"; };
		3ACB005C1AEAD65D00F2429B /* MatchingGame.swift */ = {isa = PBXFileReference; fileEncoding = 4; lastKnownFileType = sourcecode.swift; path = MatchingGame.swift; sourceTree = "<group>"; };
		3ACB005E1AEAD71E00F2429B /* ARMatchingNode.swift */ = {isa = PBXFileReference; fileEncoding = 4; lastKnownFileType = sourcecode.swift; path = ARMatchingNode.swift; sourceTree = "<group>"; };
		3ACB00601AEC3EE100F2429B /* ClearingGame.swift */ = {isa = PBXFileReference; fileEncoding = 4; lastKnownFileType = sourcecode.swift; path = ClearingGame.swift; sourceTree = "<group>"; };
		3ACB00621AEC420000F2429B /* ARClearingNode.swift */ = {isa = PBXFileReference; fileEncoding = 4; lastKnownFileType = sourcecode.swift; path = ARClearingNode.swift; sourceTree = "<group>"; };
		3ACB00641AEC6B2000F2429B /* PairingGame.swift */ = {isa = PBXFileReference; fileEncoding = 4; lastKnownFileType = sourcecode.swift; path = PairingGame.swift; sourceTree = "<group>"; };
		3ACB00661AEC7B0700F2429B /* ARPairingNode.swift */ = {isa = PBXFileReference; fileEncoding = 4; lastKnownFileType = sourcecode.swift; path = ARPairingNode.swift; sourceTree = "<group>"; };
		3AE294411AE31B790075FCB8 /* ARNode.swift */ = {isa = PBXFileReference; fileEncoding = 4; lastKnownFileType = sourcecode.swift; path = ARNode.swift; sourceTree = "<group>"; };
		3AE294461AE4300F0075FCB8 /* PolygonBackground.swift */ = {isa = PBXFileReference; fileEncoding = 4; lastKnownFileType = sourcecode.swift; name = PolygonBackground.swift; path = ../PolygonBackground.swift; sourceTree = "<group>"; };
		3AF031431AE847D400970BF0 /* Perfograma.otf */ = {isa = PBXFileReference; lastKnownFileType = file; path = Perfograma.otf; sourceTree = "<group>"; };
		3AF031451AE84F3900970BF0 /* MixingGame.swift */ = {isa = PBXFileReference; fileEncoding = 4; lastKnownFileType = sourcecode.swift; path = MixingGame.swift; sourceTree = "<group>"; };
		3AF031471AE8775800970BF0 /* ARMixingNode.swift */ = {isa = PBXFileReference; fileEncoding = 4; lastKnownFileType = sourcecode.swift; path = ARMixingNode.swift; sourceTree = "<group>"; };
		3AF0314A1AE878CA00970BF0 /* StoryViewController.swift */ = {isa = PBXFileReference; fileEncoding = 4; lastKnownFileType = sourcecode.swift; path = StoryViewController.swift; sourceTree = "<group>"; };
		3AF0314D1AE8858400970BF0 /* story_alit.plist */ = {isa = PBXFileReference; fileEncoding = 4; lastKnownFileType = text.plist.xml; path = story_alit.plist; sourceTree = "<group>"; };
/* End PBXFileReference section */

/* Begin PBXFrameworksBuildPhase section */
		3A0C1B291AE199F100D718CE /* Frameworks */ = {
			isa = PBXFrameworksBuildPhase;
			buildActionMask = 2147483647;
			files = (
			);
			runOnlyForDeploymentPostprocessing = 0;
		};
		3A0C1B421AE199F100D718CE /* Frameworks */ = {
			isa = PBXFrameworksBuildPhase;
			buildActionMask = 2147483647;
			files = (
			);
			runOnlyForDeploymentPostprocessing = 0;
		};
/* End PBXFrameworksBuildPhase section */

/* Begin PBXGroup section */
		3A0C1B231AE199F100D718CE = {
			isa = PBXGroup;
			children = (
				3A0C1B2E1AE199F100D718CE /* AdrianRubio */,
				3A0C1B481AE199F100D718CE /* AdrianRubioTests */,
				3A0C1B2D1AE199F100D718CE /* Products */,
			);
			sourceTree = "<group>";
		};
		3A0C1B2D1AE199F100D718CE /* Products */ = {
			isa = PBXGroup;
			children = (
				3A0C1B2C1AE199F100D718CE /* AdrianRubio.app */,
				3A0C1B451AE199F100D718CE /* AdrianRubioTests.xctest */,
			);
			name = Products;
			sourceTree = "<group>";
		};
		3A0C1B2E1AE199F100D718CE /* AdrianRubio */ = {
			isa = PBXGroup;
			children = (
				3AF031431AE847D400970BF0 /* Perfograma.otf */,
				3A476E661AE8C0B40036B5CE /* FiraSans.otf */,
				3AE294451AE40C870075FCB8 /* Arnodes */,
				3AF031491AE8781200970BF0 /* Games */,
				3AF0314C1AE878D300970BF0 /* Story */,
				3AE294461AE4300F0075FCB8 /* PolygonBackground.swift */,
				3AA5EE591AE94A0500DFFF8E /* CustomSegue.swift */,
				3AA5EE5B1AE94AB700DFFF8E /* NavigationController.swift */,
				3A0C1B391AE199F100D718CE /* Main.storyboard */,
				3A0C1B3E1AE199F100D718CE /* LaunchScreen.xib */,
				3A0C1B3C1AE199F100D718CE /* Images.xcassets */,
				3A0C1B2F1AE199F100D718CE /* Supporting Files */,
			);
			path = AdrianRubio;
			sourceTree = "<group>";
		};
		3A0C1B2F1AE199F100D718CE /* Supporting Files */ = {
			isa = PBXGroup;
			children = (
				3A0C1B311AE199F100D718CE /* AppDelegate.swift */,
				3A35CD421AEDA9FE0091F003 /* story_end.plist */,
				3A35CD401AEDA6DB0091F003 /* story_buluk.plist */,
				3A35CD3E1AEDA3FF0091F003 /* story_likes.plist */,
				3A35CD3A1AED9F780091F003 /* story_beca.plist */,
				3A35CD3B1AED9F780091F003 /* story_ment.plist */,
				3A9675E21AE9E26B0093533A /* story_serpens.plist */,
				3AF0314D1AE8858400970BF0 /* story_alit.plist */,
				3A0C1B301AE199F100D718CE /* Info.plist */,
			);
			name = "Supporting Files";
			sourceTree = "<group>";
		};
		3A0C1B481AE199F100D718CE /* AdrianRubioTests */ = {
			isa = PBXGroup;
			children = (
				3A0C1B4B1AE199F100D718CE /* AdrianRubioTests.swift */,
				3A0C1B491AE199F100D718CE /* Supporting Files */,
			);
			path = AdrianRubioTests;
			sourceTree = "<group>";
		};
		3A0C1B491AE199F100D718CE /* Supporting Files */ = {
			isa = PBXGroup;
			children = (
				3A0C1B4A1AE199F100D718CE /* Info.plist */,
			);
			name = "Supporting Files";
			sourceTree = "<group>";
		};
		3AE294451AE40C870075FCB8 /* Arnodes */ = {
			isa = PBXGroup;
			children = (
				3AE294411AE31B790075FCB8 /* ARNode.swift */,
				3A4D524C1AE6975000395D77 /* ARInflatingNode.swift */,
				3AA5EE511AE93A1300DFFF8E /* ARCatchingNode.swift */,
				3AF031471AE8775800970BF0 /* ARMixingNode.swift */,
				3ACB005A1AEAA31300F2429B /* ARRepeatingNode.swift */,
				3ACB005E1AEAD71E00F2429B /* ARMatchingNode.swift */,
				3ACB00661AEC7B0700F2429B /* ARPairingNode.swift */,
				3ACB00621AEC420000F2429B /* ARClearingNode.swift */,
			);
			name = Arnodes;
			sourceTree = "<group>";
		};
		3AF031491AE8781200970BF0 /* Games */ = {
			isa = PBXGroup;
			children = (
				3A0C1B371AE199F100D718CE /* GameViewController.swift */,
				3A4D52501AE69E2400395D77 /* InflatingGame.swift */,
				3AA5EE4F1AE9395C00DFFF8E /* CatchingGame.swift */,
				3AF031451AE84F3900970BF0 /* MixingGame.swift */,
				3ACB00541AEA980900F2429B /* RepeatingGame.swift */,
				3ACB005C1AEAD65D00F2429B /* MatchingGame.swift */,
				3ACB00641AEC6B2000F2429B /* PairingGame.swift */,
				3ACB00601AEC3EE100F2429B /* ClearingGame.swift */,
			);
			name = Games;
			sourceTree = "<group>";
		};
		3AF0314C1AE878D300970BF0 /* Story */ = {
			isa = PBXGroup;
			children = (
				3A476E621AE8A4510036B5CE /* PageView.swift */,
				3AF0314A1AE878CA00970BF0 /* StoryViewController.swift */,
			);
			name = Story;
			sourceTree = "<group>";
		};
/* End PBXGroup section */

/* Begin PBXNativeTarget section */
		3A0C1B2B1AE199F100D718CE /* AdrianRubio */ = {
			isa = PBXNativeTarget;
			buildConfigurationList = 3A0C1B4F1AE199F100D718CE /* Build configuration list for PBXNativeTarget "AdrianRubio" */;
			buildPhases = (
				3A0C1B281AE199F100D718CE /* Sources */,
				3A0C1B291AE199F100D718CE /* Frameworks */,
				3A0C1B2A1AE199F100D718CE /* Resources */,
			);
			buildRules = (
			);
			dependencies = (
			);
			name = AdrianRubio;
			productName = AdrianRubio;
			productReference = 3A0C1B2C1AE199F100D718CE /* AdrianRubio.app */;
			productType = "com.apple.product-type.application";
		};
		3A0C1B441AE199F100D718CE /* AdrianRubioTests */ = {
			isa = PBXNativeTarget;
			buildConfigurationList = 3A0C1B521AE199F100D718CE /* Build configuration list for PBXNativeTarget "AdrianRubioTests" */;
			buildPhases = (
				3A0C1B411AE199F100D718CE /* Sources */,
				3A0C1B421AE199F100D718CE /* Frameworks */,
				3A0C1B431AE199F100D718CE /* Resources */,
			);
			buildRules = (
			);
			dependencies = (
				3A0C1B471AE199F100D718CE /* PBXTargetDependency */,
			);
			name = AdrianRubioTests;
			productName = AdrianRubioTests;
			productReference = 3A0C1B451AE199F100D718CE /* AdrianRubioTests.xctest */;
			productType = "com.apple.product-type.bundle.unit-test";
		};
/* End PBXNativeTarget section */

/* Begin PBXProject section */
		3A0C1B241AE199F100D718CE /* Project object */ = {
			isa = PBXProject;
			attributes = {
				LastSwiftUpdateCheck = 0700;
				LastUpgradeCheck = 0630;
				ORGANIZATIONNAME = Ment;
				TargetAttributes = {
					3A0C1B2B1AE199F100D718CE = {
						CreatedOnToolsVersion = 6.3;
						DevelopmentTeam = K8GA5ZPG5U;
					};
					3A0C1B441AE199F100D718CE = {
						CreatedOnToolsVersion = 6.3;
						TestTargetID = 3A0C1B2B1AE199F100D718CE;
					};
				};
			};
			buildConfigurationList = 3A0C1B271AE199F100D718CE /* Build configuration list for PBXProject "AdrianRubio" */;
			compatibilityVersion = "Xcode 3.2";
			developmentRegion = English;
			hasScannedForEncodings = 0;
			knownRegions = (
				en,
				Base,
			);
			mainGroup = 3A0C1B231AE199F100D718CE;
			productRefGroup = 3A0C1B2D1AE199F100D718CE /* Products */;
			projectDirPath = "";
			projectRoot = "";
			targets = (
				3A0C1B2B1AE199F100D718CE /* AdrianRubio */,
				3A0C1B441AE199F100D718CE /* AdrianRubioTests */,
			);
		};
/* End PBXProject section */

/* Begin PBXResourcesBuildPhase section */
		3A0C1B2A1AE199F100D718CE /* Resources */ = {
			isa = PBXResourcesBuildPhase;
			buildActionMask = 2147483647;
			files = (
				3A35CD431AEDA9FE0091F003 /* story_end.plist in Resources */,
				3A35CD3D1AED9F780091F003 /* story_ment.plist in Resources */,
				3A35CD411AEDA6DB0091F003 /* story_buluk.plist in Resources */,
				3ACB00531AEA12F000F2429B /* LaunchScreen.xib in Resources */,
				3AF031441AE847D400970BF0 /* Perfograma.otf in Resources */,
				3A476E671AE8C0B40036B5CE /* FiraSans.otf in Resources */,
				3A9675E31AE9E26B0093533A /* story_serpens.plist in Resources */,
				3AF0314E1AE8858400970BF0 /* story_alit.plist in Resources */,
				3A35CD3C1AED9F780091F003 /* story_beca.plist in Resources */,
				3A0C1B3D1AE199F100D718CE /* Images.xcassets in Resources */,
				3A0C1B3B1AE199F100D718CE /* Main.storyboard in Resources */,
				3A35CD3F1AEDA3FF0091F003 /* story_likes.plist in Resources */,
			);
			runOnlyForDeploymentPostprocessing = 0;
		};
		3A0C1B431AE199F100D718CE /* Resources */ = {
			isa = PBXResourcesBuildPhase;
			buildActionMask = 2147483647;
			files = (
			);
			runOnlyForDeploymentPostprocessing = 0;
		};
/* End PBXResourcesBuildPhase section */

/* Begin PBXSourcesBuildPhase section */
		3A0C1B281AE199F100D718CE /* Sources */ = {
			isa = PBXSourcesBuildPhase;
			buildActionMask = 2147483647;
			files = (
				3A476E631AE8A4510036B5CE /* PageView.swift in Sources */,
				3AE294471AE4300F0075FCB8 /* PolygonBackground.swift in Sources */,
				3A4D524D1AE6975000395D77 /* ARInflatingNode.swift in Sources */,
				3A4D52511AE69E2400395D77 /* InflatingGame.swift in Sources */,
				3AF0314B1AE878CA00970BF0 /* StoryViewController.swift in Sources */,
				3ACB00671AEC7B0700F2429B /* ARPairingNode.swift in Sources */,
				3ACB005F1AEAD71E00F2429B /* ARMatchingNode.swift in Sources */,
				3AA5EE5C1AE94AB700DFFF8E /* NavigationController.swift in Sources */,
				3ACB00611AEC3EE100F2429B /* ClearingGame.swift in Sources */,
				3AE294421AE31B790075FCB8 /* ARNode.swift in Sources */,
				3ACB00631AEC420000F2429B /* ARClearingNode.swift in Sources */,
				3A0C1B381AE199F100D718CE /* GameViewController.swift in Sources */,
				3ACB005B1AEAA31300F2429B /* ARRepeatingNode.swift in Sources */,
				3ACB005D1AEAD65D00F2429B /* MatchingGame.swift in Sources */,
				3AA5EE5A1AE94A0500DFFF8E /* CustomSegue.swift in Sources */,
				3AF031481AE8775800970BF0 /* ARMixingNode.swift in Sources */,
				3A0C1B321AE199F100D718CE /* AppDelegate.swift in Sources */,
				3AA5EE501AE9395C00DFFF8E /* CatchingGame.swift in Sources */,
				3ACB00551AEA980900F2429B /* RepeatingGame.swift in Sources */,
				3AA5EE521AE93A1300DFFF8E /* ARCatchingNode.swift in Sources */,
				3ACB00651AEC6B2000F2429B /* PairingGame.swift in Sources */,
				3AF031461AE84F3900970BF0 /* MixingGame.swift in Sources */,
			);
			runOnlyForDeploymentPostprocessing = 0;
		};
		3A0C1B411AE199F100D718CE /* Sources */ = {
			isa = PBXSourcesBuildPhase;
			buildActionMask = 2147483647;
			files = (
				3A0C1B4C1AE199F100D718CE /* AdrianRubioTests.swift in Sources */,
			);
			runOnlyForDeploymentPostprocessing = 0;
		};
/* End PBXSourcesBuildPhase section */

/* Begin PBXTargetDependency section */
		3A0C1B471AE199F100D718CE /* PBXTargetDependency */ = {
			isa = PBXTargetDependency;
			target = 3A0C1B2B1AE199F100D718CE /* AdrianRubio */;
			targetProxy = 3A0C1B461AE199F100D718CE /* PBXContainerItemProxy */;
		};
/* End PBXTargetDependency section */

/* Begin PBXVariantGroup section */
		3A0C1B391AE199F100D718CE /* Main.storyboard */ = {
			isa = PBXVariantGroup;
			children = (
				3A0C1B3A1AE199F100D718CE /* Base */,
			);
			name = Main.storyboard;
			sourceTree = "<group>";
		};
		3A0C1B3E1AE199F100D718CE /* LaunchScreen.xib */ = {
			isa = PBXVariantGroup;
			children = (
				3A0C1B3F1AE199F100D718CE /* Base */,
			);
			name = LaunchScreen.xib;
			sourceTree = "<group>";
		};
/* End PBXVariantGroup section */

/* Begin XCBuildConfiguration section */
		3A0C1B4D1AE199F100D718CE /* Debug */ = {
			isa = XCBuildConfiguration;
			buildSettings = {
				ALWAYS_SEARCH_USER_PATHS = NO;
				CLANG_CXX_LANGUAGE_STANDARD = "gnu++0x";
				CLANG_CXX_LIBRARY = "libc++";
				CLANG_ENABLE_MODULES = YES;
				CLANG_ENABLE_OBJC_ARC = YES;
				CLANG_WARN_BOOL_CONVERSION = YES;
				CLANG_WARN_CONSTANT_CONVERSION = YES;
				CLANG_WARN_DIRECT_OBJC_ISA_USAGE = YES_ERROR;
				CLANG_WARN_EMPTY_BODY = YES;
				CLANG_WARN_ENUM_CONVERSION = YES;
				CLANG_WARN_INT_CONVERSION = YES;
				CLANG_WARN_OBJC_ROOT_CLASS = YES_ERROR;
				CLANG_WARN_UNREACHABLE_CODE = YES;
				CLANG_WARN__DUPLICATE_METHOD_MATCH = YES;
				"CODE_SIGN_IDENTITY[sdk=iphoneos*]" = "iPhone Developer";
				COPY_PHASE_STRIP = NO;
				DEBUG_INFORMATION_FORMAT = "dwarf-with-dsym";
				ENABLE_STRICT_OBJC_MSGSEND = YES;
				GCC_C_LANGUAGE_STANDARD = gnu99;
				GCC_DYNAMIC_NO_PIC = NO;
				GCC_NO_COMMON_BLOCKS = YES;
				GCC_OPTIMIZATION_LEVEL = 0;
				GCC_PREPROCESSOR_DEFINITIONS = (
					"DEBUG=1",
					"$(inherited)",
				);
				GCC_SYMBOLS_PRIVATE_EXTERN = NO;
				GCC_WARN_64_TO_32_BIT_CONVERSION = YES;
				GCC_WARN_ABOUT_RETURN_TYPE = YES_ERROR;
				GCC_WARN_UNDECLARED_SELECTOR = YES;
				GCC_WARN_UNINITIALIZED_AUTOS = YES_AGGRESSIVE;
				GCC_WARN_UNUSED_FUNCTION = YES;
				GCC_WARN_UNUSED_VARIABLE = YES;
				IPHONEOS_DEPLOYMENT_TARGET = 8.3;
				MTL_ENABLE_DEBUG_INFO = YES;
				ONLY_ACTIVE_ARCH = YES;
				SDKROOT = iphoneos;
				SWIFT_OPTIMIZATION_LEVEL = "-Onone";
				TARGETED_DEVICE_FAMILY = "1,2";
			};
			name = Debug;
		};
		3A0C1B4E1AE199F100D718CE /* Release */ = {
			isa = XCBuildConfiguration;
			buildSettings = {
				ALWAYS_SEARCH_USER_PATHS = NO;
				CLANG_CXX_LANGUAGE_STANDARD = "gnu++0x";
				CLANG_CXX_LIBRARY = "libc++";
				CLANG_ENABLE_MODULES = YES;
				CLANG_ENABLE_OBJC_ARC = YES;
				CLANG_WARN_BOOL_CONVERSION = YES;
				CLANG_WARN_CONSTANT_CONVERSION = YES;
				CLANG_WARN_DIRECT_OBJC_ISA_USAGE = YES_ERROR;
				CLANG_WARN_EMPTY_BODY = YES;
				CLANG_WARN_ENUM_CONVERSION = YES;
				CLANG_WARN_INT_CONVERSION = YES;
				CLANG_WARN_OBJC_ROOT_CLASS = YES_ERROR;
				CLANG_WARN_UNREACHABLE_CODE = YES;
				CLANG_WARN__DUPLICATE_METHOD_MATCH = YES;
				"CODE_SIGN_IDENTITY[sdk=iphoneos*]" = "iPhone Developer";
				COPY_PHASE_STRIP = NO;
				DEBUG_INFORMATION_FORMAT = "dwarf-with-dsym";
				ENABLE_NS_ASSERTIONS = NO;
				ENABLE_STRICT_OBJC_MSGSEND = YES;
				GCC_C_LANGUAGE_STANDARD = gnu99;
				GCC_NO_COMMON_BLOCKS = YES;
				GCC_WARN_64_TO_32_BIT_CONVERSION = YES;
				GCC_WARN_ABOUT_RETURN_TYPE = YES_ERROR;
				GCC_WARN_UNDECLARED_SELECTOR = YES;
				GCC_WARN_UNINITIALIZED_AUTOS = YES_AGGRESSIVE;
				GCC_WARN_UNUSED_FUNCTION = YES;
				GCC_WARN_UNUSED_VARIABLE = YES;
				IPHONEOS_DEPLOYMENT_TARGET = 8.3;
				MTL_ENABLE_DEBUG_INFO = NO;
				SDKROOT = iphoneos;
				TARGETED_DEVICE_FAMILY = "1,2";
				VALIDATE_PRODUCT = YES;
			};
			name = Release;
		};
		3A0C1B501AE199F100D718CE /* Debug */ = {
			isa = XCBuildConfiguration;
			buildSettings = {
				ASSETCATALOG_COMPILER_APPICON_NAME = AppIcon;
				CODE_SIGN_IDENTITY = "iPhone Developer";
				"CODE_SIGN_IDENTITY[sdk=iphoneos*]" = "iPhone Developer";
				INFOPLIST_FILE = AdrianRubio/Info.plist;
				IPHONEOS_DEPLOYMENT_TARGET = 8.0;
				LD_RUNPATH_SEARCH_PATHS = "$(inherited) @executable_path/Frameworks";
				PRODUCT_NAME = AdrianRubio;
				PROVISIONING_PROFILE = "";
				TARGETED_DEVICE_FAMILY = "1,2";
			};
			name = Debug;
		};
		3A0C1B511AE199F100D718CE /* Release */ = {
			isa = XCBuildConfiguration;
			buildSettings = {
				ASSETCATALOG_COMPILER_APPICON_NAME = AppIcon;
				CODE_SIGN_IDENTITY = "iPhone Developer";
				"CODE_SIGN_IDENTITY[sdk=iphoneos*]" = "iPhone Developer";
				INFOPLIST_FILE = AdrianRubio/Info.plist;
				IPHONEOS_DEPLOYMENT_TARGET = 8.0;
				LD_RUNPATH_SEARCH_PATHS = "$(inherited) @executable_path/Frameworks";
				PRODUCT_NAME = AdrianRubio;
				PROVISIONING_PROFILE = "";
				TARGETED_DEVICE_FAMILY = "1,2";
			};
			name = Release;
		};
		3A0C1B531AE199F100D718CE /* Debug */ = {
			isa = XCBuildConfiguration;
			buildSettings = {
				BUNDLE_LOADER = "$(TEST_HOST)";
				FRAMEWORK_SEARCH_PATHS = (
					"$(SDKROOT)/Developer/Library/Frameworks",
					"$(inherited)",
				);
				GCC_PREPROCESSOR_DEFINITIONS = (
					"DEBUG=1",
					"$(inherited)",
				);
				INFOPLIST_FILE = AdrianRubioTests/Info.plist;
				LD_RUNPATH_SEARCH_PATHS = "$(inherited) @executable_path/Frameworks @loader_path/Frameworks";
				PRODUCT_NAME = AdrianRubioTests;
				TEST_HOST = "$(BUILT_PRODUCTS_DIR)/AdrianRubio.app/AdrianRubio";
			};
			name = Debug;
		};
		3A0C1B541AE199F100D718CE /* Release */ = {
			isa = XCBuildConfiguration;
			buildSettings = {
				BUNDLE_LOADER = "$(TEST_HOST)";
				FRAMEWORK_SEARCH_PATHS = (
					"$(SDKROOT)/Developer/Library/Frameworks",
					"$(inherited)",
				);
				INFOPLIST_FILE = AdrianRubioTests/Info.plist;
				LD_RUNPATH_SEARCH_PATHS = "$(inherited) @executable_path/Frameworks @loader_path/Frameworks";
				PRODUCT_NAME = AdrianRubioTests;
				TEST_HOST = "$(BUILT_PRODUCTS_DIR)/AdrianRubio.app/AdrianRubio";
			};
			name = Release;
		};
/* End XCBuildConfiguration section */

/* Begin XCConfigurationList section */
		3A0C1B271AE199F100D718CE /* Build configuration list for PBXProject "AdrianRubio" */ = {
			isa = XCConfigurationList;
			buildConfigurations = (
				3A0C1B4D1AE199F100D718CE /* Debug */,
				3A0C1B4E1AE199F100D718CE /* Release */,
			);
			defaultConfigurationIsVisible = 0;
			defaultConfigurationName = Release;
		};
		3A0C1B4F1AE199F100D718CE /* Build configuration list for PBXNativeTarget "AdrianRubio" */ = {
			isa = XCConfigurationList;
			buildConfigurations = (
				3A0C1B501AE199F100D718CE /* Debug */,
				3A0C1B511AE199F100D718CE /* Release */,
			);
			defaultConfigurationIsVisible = 0;
			defaultConfigurationName = Release;
		};
		3A0C1B521AE199F100D718CE /* Build configuration list for PBXNativeTarget "AdrianRubioTests" */ = {
			isa = XCConfigurationList;
			buildConfigurations = (
				3A0C1B531AE199F100D718CE /* Debug */,
				3A0C1B541AE199F100D718CE /* Release */,
			);
			defaultConfigurationIsVisible = 0;
			defaultConfigurationName = Release;
		};
/* End XCConfigurationList section */
	};
	rootObject = 3A0C1B241AE199F100D718CE /* Project object */;
}
